
Microsoft Visual Studio Solution File, Format Version 12.00
# Visual Studio Version 16
VisualStudioVersion = 16.0.30523.141
MinimumVisualStudioVersion = 10.0.40219.1
Project("{FAE04EC0-301F-11D3-BF4B-00C04F79EFBC}") = "Ex1ForeachList", "Ex1ForeachList\Ex1ForeachList.csproj", "{5B112753-5880-41A3-AFC4-5FFAE00E016C}"
EndProject
Global
	GlobalSection(SolutionConfigurationPlatforms) = preSolution
		Debug|Any CPU = Debug|Any CPU
		Release|Any CPU = Release|Any CPU
	EndGlobalSection
	GlobalSection(ProjectConfigurationPlatforms) = postSolution
		{5B112753-5880-41A3-AFC4-5FFAE00E016C}.Debug|Any CPU.ActiveCfg = Debug|Any CPU
		{5B112753-5880-41A3-AFC4-5FFAE00E016C}.Debug|Any CPU.Build.0 = Debug|Any CPU
		{5B112753-5880-41A3-AFC4-5FFAE00E016C}.Release|Any CPU.ActiveCfg = Release|Any CPU
		{5B112753-5880-41A3-AFC4-5FFAE00E016C}.Release|Any CPU.Build.0 = Release|Any CPU
	EndGlobalSection
	GlobalSection(SolutionProperties) = preSolution
		HideSolutionNode = FALSE
	EndGlobalSection
	GlobalSection(ExtensibilityGlobals) = postSolution
		SolutionGuid = {48350E98-10BC-414C-91CC-425E3EDD7E32}
	EndGlobalSection
EndGlobal
